// !$*UTF8*$!
{
	archiveVersion = 1;
	classes = {
	};
	objectVersion = 46;
	objects = {

/* Begin PBXBuildFile section */
		921116F81D1BE5E300384194 /* Routable.swift in Sources */ = {isa = PBXBuildFile; fileRef = 921116F71D1BE5E300384194 /* Routable.swift */; };
		921116FA1D1BE67C00384194 /* Coordinator.swift in Sources */ = {isa = PBXBuildFile; fileRef = 921116F91D1BE67C00384194 /* Coordinator.swift */; };
		921116FC1D1BE87800384194 /* WelcomeFlowCoordinator.swift in Sources */ = {isa = PBXBuildFile; fileRef = 921116FB1D1BE87800384194 /* WelcomeFlowCoordinator.swift */; };
		921116FE1D1BEEC000384194 /* AppNavigationCoordinator.swift in Sources */ = {isa = PBXBuildFile; fileRef = 921116FD1D1BEEC000384194 /* AppNavigationCoordinator.swift */; };
		921117271D214B9A00384194 /* LoginFlowCoordinator.swift in Sources */ = {isa = PBXBuildFile; fileRef = 921117261D214B9A00384194 /* LoginFlowCoordinator.swift */; };
		921117291D214FEC00384194 /* MainTabBarCoordinator.swift in Sources */ = {isa = PBXBuildFile; fileRef = 921117281D214FEC00384194 /* MainTabBarCoordinator.swift */; };
		9211172D1D21BC7D00384194 /* SignUpFlowCoordinator.swift in Sources */ = {isa = PBXBuildFile; fileRef = 9211172C1D21BC7D00384194 /* SignUpFlowCoordinator.swift */; };
		92BAEC271D17DD6C0005B769 /* AppDelegate.swift in Sources */ = {isa = PBXBuildFile; fileRef = 92BAEC051D17DD6C0005B769 /* AppDelegate.swift */; };
		92BAEC281D17DD6C0005B769 /* User.swift in Sources */ = {isa = PBXBuildFile; fileRef = 92BAEC091D17DD6C0005B769 /* User.swift */; };
		92BAEC291D17DD6C0005B769 /* StateCoder.swift in Sources */ = {isa = PBXBuildFile; fileRef = 92BAEC0A1D17DD6C0005B769 /* StateCoder.swift */; };
		92BAEC2A1D17DD6C0005B769 /* UserSession.swift in Sources */ = {isa = PBXBuildFile; fileRef = 92BAEC0B1D17DD6C0005B769 /* UserSession.swift */; };
		92BAEC2B1D17DD6C0005B769 /* UserSessionPathBuilder.swift in Sources */ = {isa = PBXBuildFile; fileRef = 92BAEC0C1D17DD6C0005B769 /* UserSessionPathBuilder.swift */; };
		92BAEC2C1D17DD6C0005B769 /* LoginController.swift in Sources */ = {isa = PBXBuildFile; fileRef = 92BAEC0F1D17DD6C0005B769 /* LoginController.swift */; };
		92BAEC2D1D17DD6C0005B769 /* FeedController.swift in Sources */ = {isa = PBXBuildFile; fileRef = 92BAEC121D17DD6C0005B769 /* FeedController.swift */; };
		92BAEC2E1D17DD6C0005B769 /* LogoutCell.swift in Sources */ = {isa = PBXBuildFile; fileRef = 92BAEC141D17DD6C0005B769 /* LogoutCell.swift */; };
		92BAEC2F1D17DD6C0005B769 /* ProfileController.swift in Sources */ = {isa = PBXBuildFile; fileRef = 92BAEC151D17DD6C0005B769 /* ProfileController.swift */; };
		92BAEC301D17DD6C0005B769 /* MainTabBarController.swift in Sources */ = {isa = PBXBuildFile; fileRef = 92BAEC171D17DD6C0005B769 /* MainTabBarController.swift */; };
		92BAEC311D17DD6C0005B769 /* SignUpController.swift in Sources */ = {isa = PBXBuildFile; fileRef = 92BAEC191D17DD6C0005B769 /* SignUpController.swift */; };
		92BAEC321D17DD6C0005B769 /* WelcomeController.swift in Sources */ = {isa = PBXBuildFile; fileRef = 92BAEC1B1D17DD6C0005B769 /* WelcomeController.swift */; };
		92BAEC331D17DD6C0005B769 /* Assets.xcassets in Resources */ = {isa = PBXBuildFile; fileRef = 92BAEC1D1D17DD6C0005B769 /* Assets.xcassets */; };
		92BAEC341D17DD6C0005B769 /* Info.plist in Resources */ = {isa = PBXBuildFile; fileRef = 92BAEC1E1D17DD6C0005B769 /* Info.plist */; };
		92BAEC351D17DD6C0005B769 /* LaunchScreen.storyboard in Resources */ = {isa = PBXBuildFile; fileRef = 92BAEC201D17DD6C0005B769 /* LaunchScreen.storyboard */; };
		92BAEC361D17DD6C0005B769 /* Main.storyboard in Resources */ = {isa = PBXBuildFile; fileRef = 92BAEC221D17DD6C0005B769 /* Main.storyboard */; };
		92BAEC371D17DD6C0005B769 /* Login.storyboard in Resources */ = {isa = PBXBuildFile; fileRef = 92BAEC241D17DD6C0005B769 /* Login.storyboard */; };
		92BAEC381D17DD6C0005B769 /* SignUp.storyboard in Resources */ = {isa = PBXBuildFile; fileRef = 92BAEC251D17DD6C0005B769 /* SignUp.storyboard */; };
		92BAEC391D17DD6C0005B769 /* Welcome.storyboard in Resources */ = {isa = PBXBuildFile; fileRef = 92BAEC261D17DD6C0005B769 /* Welcome.storyboard */; };
/* End PBXBuildFile section */

/* Begin PBXFileReference section */
		921116F71D1BE5E300384194 /* Routable.swift */ = {isa = PBXFileReference; fileEncoding = 4; lastKnownFileType = sourcecode.swift; path = Routable.swift; sourceTree = "<group>"; };
		921116F91D1BE67C00384194 /* Coordinator.swift */ = {isa = PBXFileReference; fileEncoding = 4; lastKnownFileType = sourcecode.swift; path = Coordinator.swift; sourceTree = "<group>"; };
		921116FB1D1BE87800384194 /* WelcomeFlowCoordinator.swift */ = {isa = PBXFileReference; fileEncoding = 4; lastKnownFileType = sourcecode.swift; path = WelcomeFlowCoordinator.swift; sourceTree = "<group>"; };
		921116FD1D1BEEC000384194 /* AppNavigationCoordinator.swift */ = {isa = PBXFileReference; fileEncoding = 4; lastKnownFileType = sourcecode.swift; path = AppNavigationCoordinator.swift; sourceTree = "<group>"; };
		921117261D214B9A00384194 /* LoginFlowCoordinator.swift */ = {isa = PBXFileReference; fileEncoding = 4; lastKnownFileType = sourcecode.swift; path = LoginFlowCoordinator.swift; sourceTree = "<group>"; };
		921117281D214FEC00384194 /* MainTabBarCoordinator.swift */ = {isa = PBXFileReference; fileEncoding = 4; lastKnownFileType = sourcecode.swift; path = MainTabBarCoordinator.swift; sourceTree = "<group>"; };
		9211172C1D21BC7D00384194 /* SignUpFlowCoordinator.swift */ = {isa = PBXFileReference; fileEncoding = 4; lastKnownFileType = sourcecode.swift; path = SignUpFlowCoordinator.swift; sourceTree = "<group>"; };
		92BAEC051D17DD6C0005B769 /* AppDelegate.swift */ = {isa = PBXFileReference; fileEncoding = 4; lastKnownFileType = sourcecode.swift; path = AppDelegate.swift; sourceTree = "<group>"; };
		92BAEC091D17DD6C0005B769 /* User.swift */ = {isa = PBXFileReference; fileEncoding = 4; lastKnownFileType = sourcecode.swift; path = User.swift; sourceTree = "<group>"; };
		92BAEC0A1D17DD6C0005B769 /* StateCoder.swift */ = {isa = PBXFileReference; fileEncoding = 4; lastKnownFileType = sourcecode.swift; path = StateCoder.swift; sourceTree = "<group>"; };
		92BAEC0B1D17DD6C0005B769 /* UserSession.swift */ = {isa = PBXFileReference; fileEncoding = 4; lastKnownFileType = sourcecode.swift; path = UserSession.swift; sourceTree = "<group>"; };
		92BAEC0C1D17DD6C0005B769 /* UserSessionPathBuilder.swift */ = {isa = PBXFileReference; fileEncoding = 4; lastKnownFileType = sourcecode.swift; path = UserSessionPathBuilder.swift; sourceTree = "<group>"; };
		92BAEC0F1D17DD6C0005B769 /* LoginController.swift */ = {isa = PBXFileReference; fileEncoding = 4; lastKnownFileType = sourcecode.swift; path = LoginController.swift; sourceTree = "<group>"; };
		92BAEC121D17DD6C0005B769 /* FeedController.swift */ = {isa = PBXFileReference; fileEncoding = 4; lastKnownFileType = sourcecode.swift; path = FeedController.swift; sourceTree = "<group>"; };
		92BAEC141D17DD6C0005B769 /* LogoutCell.swift */ = {isa = PBXFileReference; fileEncoding = 4; lastKnownFileType = sourcecode.swift; path = LogoutCell.swift; sourceTree = "<group>"; };
		92BAEC151D17DD6C0005B769 /* ProfileController.swift */ = {isa = PBXFileReference; fileEncoding = 4; lastKnownFileType = sourcecode.swift; path = ProfileController.swift; sourceTree = "<group>"; };
		92BAEC171D17DD6C0005B769 /* MainTabBarController.swift */ = {isa = PBXFileReference; fileEncoding = 4; lastKnownFileType = sourcecode.swift; path = MainTabBarController.swift; sourceTree = "<group>"; };
		92BAEC191D17DD6C0005B769 /* SignUpController.swift */ = {isa = PBXFileReference; fileEncoding = 4; lastKnownFileType = sourcecode.swift; path = SignUpController.swift; sourceTree = "<group>"; };
		92BAEC1B1D17DD6C0005B769 /* WelcomeController.swift */ = {isa = PBXFileReference; fileEncoding = 4; lastKnownFileType = sourcecode.swift; path = WelcomeController.swift; sourceTree = "<group>"; };
		92BAEC1D1D17DD6C0005B769 /* Assets.xcassets */ = {isa = PBXFileReference; lastKnownFileType = folder.assetcatalog; path = Assets.xcassets; sourceTree = "<group>"; };
		92BAEC1E1D17DD6C0005B769 /* Info.plist */ = {isa = PBXFileReference; fileEncoding = 4; lastKnownFileType = text.plist.xml; path = Info.plist; sourceTree = "<group>"; };
		92BAEC211D17DD6C0005B769 /* Base */ = {isa = PBXFileReference; lastKnownFileType = file.storyboard; name = Base; path = Base.lproj/LaunchScreen.storyboard; sourceTree = "<group>"; };
		92BAEC231D17DD6C0005B769 /* Base */ = {isa = PBXFileReference; lastKnownFileType = file.storyboard; name = Base; path = Base.lproj/Main.storyboard; sourceTree = "<group>"; };
		92BAEC241D17DD6C0005B769 /* Login.storyboard */ = {isa = PBXFileReference; fileEncoding = 4; lastKnownFileType = file.storyboard; path = Login.storyboard; sourceTree = "<group>"; };
		92BAEC251D17DD6C0005B769 /* SignUp.storyboard */ = {isa = PBXFileReference; fileEncoding = 4; lastKnownFileType = file.storyboard; path = SignUp.storyboard; sourceTree = "<group>"; };
		92BAEC261D17DD6C0005B769 /* Welcome.storyboard */ = {isa = PBXFileReference; fileEncoding = 4; lastKnownFileType = file.storyboard; path = Welcome.storyboard; sourceTree = "<group>"; };
		92DF7B891D12FA560001C6BF /* NavigationDemo.app */ = {isa = PBXFileReference; explicitFileType = wrapper.application; includeInIndex = 0; path = NavigationDemo.app; sourceTree = BUILT_PRODUCTS_DIR; };
/* End PBXFileReference section */

/* Begin PBXFrameworksBuildPhase section */
		92DF7B861D12FA560001C6BF /* Frameworks */ = {
			isa = PBXFrameworksBuildPhase;
			buildActionMask = 2147483647;
			files = (
			);
			runOnlyForDeploymentPostprocessing = 0;
		};
/* End PBXFrameworksBuildPhase section */

/* Begin PBXGroup section */
		921116F61D1BE5DC00384194 /* Common */ = {
			isa = PBXGroup;
			children = (
				921116F71D1BE5E300384194 /* Routable.swift */,
				921116F91D1BE67C00384194 /* Coordinator.swift */,
				921116FD1D1BEEC000384194 /* AppNavigationCoordinator.swift */,
			);
			path = Common;
			sourceTree = "<group>";
		};
		92BAEC041D17DD6C0005B769 /* NavigationDemo */ = {
			isa = PBXGroup;
			children = (
				92BAEC051D17DD6C0005B769 /* AppDelegate.swift */,
				921116F61D1BE5DC00384194 /* Common */,
				92BAEC071D17DD6C0005B769 /* Core */,
				92BAEC0D1D17DD6C0005B769 /* Flows */,
				92BAEC1C1D17DD6C0005B769 /* Resources */,
			);
			path = NavigationDemo;
			sourceTree = "<group>";
		};
		92BAEC071D17DD6C0005B769 /* Core */ = {
			isa = PBXGroup;
			children = (
				92BAEC081D17DD6C0005B769 /* Models */,
				92BAEC0A1D17DD6C0005B769 /* StateCoder.swift */,
				92BAEC0B1D17DD6C0005B769 /* UserSession.swift */,
				92BAEC0C1D17DD6C0005B769 /* UserSessionPathBuilder.swift */,
			);
			path = Core;
			sourceTree = "<group>";
		};
		92BAEC081D17DD6C0005B769 /* Models */ = {
			isa = PBXGroup;
			children = (
				92BAEC091D17DD6C0005B769 /* User.swift */,
			);
			path = Models;
			sourceTree = "<group>";
		};
		92BAEC0D1D17DD6C0005B769 /* Flows */ = {
			isa = PBXGroup;
			children = (
				92BAEC0E1D17DD6C0005B769 /* Login */,
				92BAEC101D17DD6C0005B769 /* Main */,
				92BAEC181D17DD6C0005B769 /* SignUp */,
				92BAEC1A1D17DD6C0005B769 /* Welcome */,
			);
			path = Flows;
			sourceTree = "<group>";
		};
		92BAEC0E1D17DD6C0005B769 /* Login */ = {
			isa = PBXGroup;
			children = (
				92BAEC0F1D17DD6C0005B769 /* LoginController.swift */,
				921117261D214B9A00384194 /* LoginFlowCoordinator.swift */,
			);
			path = Login;
			sourceTree = "<group>";
		};
		92BAEC101D17DD6C0005B769 /* Main */ = {
			isa = PBXGroup;
			children = (
				92BAEC111D17DD6C0005B769 /* FeedModule */,
				92BAEC131D17DD6C0005B769 /* ProfileModule */,
				92BAEC161D17DD6C0005B769 /* TabBarModule */,
			);
			path = Main;
			sourceTree = "<group>";
		};
		92BAEC111D17DD6C0005B769 /* FeedModule */ = {
			isa = PBXGroup;
			children = (
				92BAEC121D17DD6C0005B769 /* FeedController.swift */,
			);
			path = FeedModule;
			sourceTree = "<group>";
		};
		92BAEC131D17DD6C0005B769 /* ProfileModule */ = {
			isa = PBXGroup;
			children = (
				92BAEC141D17DD6C0005B769 /* LogoutCell.swift */,
				92BAEC151D17DD6C0005B769 /* ProfileController.swift */,
			);
			path = ProfileModule;
			sourceTree = "<group>";
		};
		92BAEC161D17DD6C0005B769 /* TabBarModule */ = {
			isa = PBXGroup;
			children = (
				92BAEC171D17DD6C0005B769 /* MainTabBarController.swift */,
				921117281D214FEC00384194 /* MainTabBarCoordinator.swift */,
			);
			path = TabBarModule;
			sourceTree = "<group>";
		};
		92BAEC181D17DD6C0005B769 /* SignUp */ = {
			isa = PBXGroup;
			children = (
				92BAEC191D17DD6C0005B769 /* SignUpController.swift */,
				9211172C1D21BC7D00384194 /* SignUpFlowCoordinator.swift */,
			);
			path = SignUp;
			sourceTree = "<group>";
		};
		92BAEC1A1D17DD6C0005B769 /* Welcome */ = {
			isa = PBXGroup;
			children = (
				92BAEC1B1D17DD6C0005B769 /* WelcomeController.swift */,
				921116FB1D1BE87800384194 /* WelcomeFlowCoordinator.swift */,
			);
			path = Welcome;
			sourceTree = "<group>";
		};
		92BAEC1C1D17DD6C0005B769 /* Resources */ = {
			isa = PBXGroup;
			children = (
				92BAEC1D1D17DD6C0005B769 /* Assets.xcassets */,
				92BAEC1E1D17DD6C0005B769 /* Info.plist */,
				92BAEC1F1D17DD6C0005B769 /* Storyboards */,
			);
			path = Resources;
			sourceTree = "<group>";
		};
		92BAEC1F1D17DD6C0005B769 /* Storyboards */ = {
			isa = PBXGroup;
			children = (
				92BAEC201D17DD6C0005B769 /* LaunchScreen.storyboard */,
				92BAEC221D17DD6C0005B769 /* Main.storyboard */,
				92BAEC241D17DD6C0005B769 /* Login.storyboard */,
				92BAEC251D17DD6C0005B769 /* SignUp.storyboard */,
				92BAEC261D17DD6C0005B769 /* Welcome.storyboard */,
			);
			path = Storyboards;
			sourceTree = "<group>";
		};
		92DF7B801D12FA560001C6BF = {
			isa = PBXGroup;
			children = (
				92BAEC041D17DD6C0005B769 /* NavigationDemo */,
				92DF7B8A1D12FA560001C6BF /* Products */,
			);
			sourceTree = "<group>";
		};
		92DF7B8A1D12FA560001C6BF /* Products */ = {
			isa = PBXGroup;
			children = (
				92DF7B891D12FA560001C6BF /* NavigationDemo.app */,
			);
			name = Products;
			sourceTree = "<group>";
		};
/* End PBXGroup section */

/* Begin PBXNativeTarget section */
		92DF7B881D12FA560001C6BF /* NavigationDemo */ = {
			isa = PBXNativeTarget;
			buildConfigurationList = 92DF7B9B1D12FA560001C6BF /* Build configuration list for PBXNativeTarget "NavigationDemo" */;
			buildPhases = (
				92DF7B851D12FA560001C6BF /* Sources */,
				92DF7B861D12FA560001C6BF /* Frameworks */,
				92DF7B871D12FA560001C6BF /* Resources */,
			);
			buildRules = (
			);
			dependencies = (
			);
			name = NavigationDemo;
			productName = RouterNavigationDemo;
			productReference = 92DF7B891D12FA560001C6BF /* NavigationDemo.app */;
			productType = "com.apple.product-type.application";
		};
/* End PBXNativeTarget section */

/* Begin PBXProject section */
		92DF7B811D12FA560001C6BF /* Project object */ = {
			isa = PBXProject;
			attributes = {
				LastSwiftUpdateCheck = 0730;
				LastUpgradeCheck = 0730;
				ORGANIZATIONNAME = Yalantis;
				TargetAttributes = {
					92DF7B881D12FA560001C6BF = {
						CreatedOnToolsVersion = 7.3.1;
					};
				};
			};
			buildConfigurationList = 92DF7B841D12FA560001C6BF /* Build configuration list for PBXProject "NavigationDemo" */;
			compatibilityVersion = "Xcode 3.2";
			developmentRegion = English;
			hasScannedForEncodings = 0;
			knownRegions = (
				en,
				Base,
			);
			mainGroup = 92DF7B801D12FA560001C6BF;
			productRefGroup = 92DF7B8A1D12FA560001C6BF /* Products */;
			projectDirPath = "";
			projectRoot = "";
			targets = (
				92DF7B881D12FA560001C6BF /* NavigationDemo */,
			);
		};
/* End PBXProject section */

/* Begin PBXResourcesBuildPhase section */
		92DF7B871D12FA560001C6BF /* Resources */ = {
			isa = PBXResourcesBuildPhase;
			buildActionMask = 2147483647;
			files = (
				92BAEC351D17DD6C0005B769 /* LaunchScreen.storyboard in Resources */,
				92BAEC341D17DD6C0005B769 /* Info.plist in Resources */,
				92BAEC381D17DD6C0005B769 /* SignUp.storyboard in Resources */,
				92BAEC331D17DD6C0005B769 /* Assets.xcassets in Resources */,
				92BAEC371D17DD6C0005B769 /* Login.storyboard in Resources */,
				92BAEC361D17DD6C0005B769 /* Main.storyboard in Resources */,
				92BAEC391D17DD6C0005B769 /* Welcome.storyboard in Resources */,
			);
			runOnlyForDeploymentPostprocessing = 0;
		};
/* End PBXResourcesBuildPhase section */

/* Begin PBXSourcesBuildPhase section */
		92DF7B851D12FA560001C6BF /* Sources */ = {
			isa = PBXSourcesBuildPhase;
			buildActionMask = 2147483647;
			files = (
				921117271D214B9A00384194 /* LoginFlowCoordinator.swift in Sources */,
				921116FC1D1BE87800384194 /* WelcomeFlowCoordinator.swift in Sources */,
				92BAEC2B1D17DD6C0005B769 /* UserSessionPathBuilder.swift in Sources */,
				921117291D214FEC00384194 /* MainTabBarCoordinator.swift in Sources */,
				92BAEC2C1D17DD6C0005B769 /* LoginController.swift in Sources */,
				92BAEC301D17DD6C0005B769 /* MainTabBarController.swift in Sources */,
				92BAEC281D17DD6C0005B769 /* User.swift in Sources */,
				92BAEC271D17DD6C0005B769 /* AppDelegate.swift in Sources */,
				92BAEC291D17DD6C0005B769 /* StateCoder.swift in Sources */,
				92BAEC321D17DD6C0005B769 /* WelcomeController.swift in Sources */,
				92BAEC2F1D17DD6C0005B769 /* ProfileController.swift in Sources */,
				92BAEC2E1D17DD6C0005B769 /* LogoutCell.swift in Sources */,
				92BAEC2A1D17DD6C0005B769 /* UserSession.swift in Sources */,
				92BAEC311D17DD6C0005B769 /* SignUpController.swift in Sources */,
				92BAEC2D1D17DD6C0005B769 /* FeedController.swift in Sources */,
				9211172D1D21BC7D00384194 /* SignUpFlowCoordinator.swift in Sources */,
				921116F81D1BE5E300384194 /* Routable.swift in Sources */,
				921116FA1D1BE67C00384194 /* Coordinator.swift in Sources */,
				921116FE1D1BEEC000384194 /* AppNavigationCoordinator.swift in Sources */,
			);
			runOnlyForDeploymentPostprocessing = 0;
		};
/* End PBXSourcesBuildPhase section */

/* Begin PBXVariantGroup section */
		92BAEC201D17DD6C0005B769 /* LaunchScreen.storyboard */ = {
			isa = PBXVariantGroup;
			children = (
				92BAEC211D17DD6C0005B769 /* Base */,
			);
			name = LaunchScreen.storyboard;
			sourceTree = "<group>";
		};
		92BAEC221D17DD6C0005B769 /* Main.storyboard */ = {
			isa = PBXVariantGroup;
			children = (
				92BAEC231D17DD6C0005B769 /* Base */,
			);
			name = Main.storyboard;
			sourceTree = "<group>";
		};
/* End PBXVariantGroup section */

/* Begin XCBuildConfiguration section */
		92DF7B991D12FA560001C6BF /* Debug */ = {
			isa = XCBuildConfiguration;
			buildSettings = {
				ALWAYS_SEARCH_USER_PATHS = NO;
				CLANG_ANALYZER_NONNULL = YES;
				CLANG_CXX_LANGUAGE_STANDARD = "gnu++0x";
				CLANG_CXX_LIBRARY = "libc++";
				CLANG_ENABLE_MODULES = YES;
				CLANG_ENABLE_OBJC_ARC = YES;
				CLANG_WARN_BOOL_CONVERSION = YES;
				CLANG_WARN_CONSTANT_CONVERSION = YES;
				CLANG_WARN_DIRECT_OBJC_ISA_USAGE = YES_ERROR;
				CLANG_WARN_EMPTY_BODY = YES;
				CLANG_WARN_ENUM_CONVERSION = YES;
				CLANG_WARN_INT_CONVERSION = YES;
				CLANG_WARN_OBJC_ROOT_CLASS = YES_ERROR;
				CLANG_WARN_UNREACHABLE_CODE = YES;
				CLANG_WARN__DUPLICATE_METHOD_MATCH = YES;
				"CODE_SIGN_IDENTITY[sdk=iphoneos*]" = "iPhone Developer";
				COPY_PHASE_STRIP = NO;
				DEBUG_INFORMATION_FORMAT = dwarf;
				ENABLE_STRICT_OBJC_MSGSEND = YES;
				ENABLE_TESTABILITY = YES;
				GCC_C_LANGUAGE_STANDARD = gnu99;
				GCC_DYNAMIC_NO_PIC = NO;
				GCC_NO_COMMON_BLOCKS = YES;
				GCC_OPTIMIZATION_LEVEL = 0;
				GCC_PREPROCESSOR_DEFINITIONS = (
					"DEBUG=1",
					"$(inherited)",
				);
				GCC_WARN_64_TO_32_BIT_CONVERSION = YES;
				GCC_WARN_ABOUT_RETURN_TYPE = YES_ERROR;
				GCC_WARN_UNDECLARED_SELECTOR = YES;
				GCC_WARN_UNINITIALIZED_AUTOS = YES_AGGRESSIVE;
				GCC_WARN_UNUSED_FUNCTION = YES;
				GCC_WARN_UNUSED_VARIABLE = YES;
				IPHONEOS_DEPLOYMENT_TARGET = 9.3;
				MTL_ENABLE_DEBUG_INFO = YES;
				ONLY_ACTIVE_ARCH = YES;
				SDKROOT = iphoneos;
				SWIFT_OPTIMIZATION_LEVEL = "-Onone";
			};
			name = Debug;
		};
		92DF7B9A1D12FA560001C6BF /* Release */ = {
			isa = XCBuildConfiguration;
			buildSettings = {
				ALWAYS_SEARCH_USER_PATHS = NO;
				CLANG_ANALYZER_NONNULL = YES;
				CLANG_CXX_LANGUAGE_STANDARD = "gnu++0x";
				CLANG_CXX_LIBRARY = "libc++";
				CLANG_ENABLE_MODULES = YES;
				CLANG_ENABLE_OBJC_ARC = YES;
				CLANG_WARN_BOOL_CONVERSION = YES;
				CLANG_WARN_CONSTANT_CONVERSION = YES;
				CLANG_WARN_DIRECT_OBJC_ISA_USAGE = YES_ERROR;
				CLANG_WARN_EMPTY_BODY = YES;
				CLANG_WARN_ENUM_CONVERSION = YES;
				CLANG_WARN_INT_CONVERSION = YES;
				CLANG_WARN_OBJC_ROOT_CLASS = YES_ERROR;
				CLANG_WARN_UNREACHABLE_CODE = YES;
				CLANG_WARN__DUPLICATE_METHOD_MATCH = YES;
				"CODE_SIGN_IDENTITY[sdk=iphoneos*]" = "iPhone Developer";
				COPY_PHASE_STRIP = NO;
				DEBUG_INFORMATION_FORMAT = "dwarf-with-dsym";
				ENABLE_NS_ASSERTIONS = NO;
				ENABLE_STRICT_OBJC_MSGSEND = YES;
				GCC_C_LANGUAGE_STANDARD = gnu99;
				GCC_NO_COMMON_BLOCKS = YES;
				GCC_WARN_64_TO_32_BIT_CONVERSION = YES;
				GCC_WARN_ABOUT_RETURN_TYPE = YES_ERROR;
				GCC_WARN_UNDECLARED_SELECTOR = YES;
				GCC_WARN_UNINITIALIZED_AUTOS = YES_AGGRESSIVE;
				GCC_WARN_UNUSED_FUNCTION = YES;
				GCC_WARN_UNUSED_VARIABLE = YES;
				IPHONEOS_DEPLOYMENT_TARGET = 9.3;
				MTL_ENABLE_DEBUG_INFO = NO;
				SDKROOT = iphoneos;
				VALIDATE_PRODUCT = YES;
			};
			name = Release;
		};
		92DF7B9C1D12FA560001C6BF /* Debug */ = {
			isa = XCBuildConfiguration;
			buildSettings = {
				ASSETCATALOG_COMPILER_APPICON_NAME = AppIcon;
				INFOPLIST_FILE = "$(SRCROOT)/NavigationDemo/Resources/Info.plist";
				LD_RUNPATH_SEARCH_PATHS = "$(inherited) @executable_path/Frameworks";
				PRODUCT_BUNDLE_IDENTIFIER = yalantis.com.NavigationDemo;
				PRODUCT_NAME = NavigationDemo;
			};
			name = Debug;
		};
		92DF7B9D1D12FA560001C6BF /* Release */ = {
			isa = XCBuildConfiguration;
			buildSettings = {
				ASSETCATALOG_COMPILER_APPICON_NAME = AppIcon;
				INFOPLIST_FILE = "$(SRCROOT)/NavigationDemo/Resources/Info.plist";
				LD_RUNPATH_SEARCH_PATHS = "$(inherited) @executable_path/Frameworks";
				PRODUCT_BUNDLE_IDENTIFIER = yalantis.com.NavigationDemo;
				PRODUCT_NAME = NavigationDemo;
			};
			name = Release;
		};
/* End XCBuildConfiguration section */

/* Begin XCConfigurationList section */
		92DF7B841D12FA560001C6BF /* Build configuration list for PBXProject "NavigationDemo" */ = {
			isa = XCConfigurationList;
			buildConfigurations = (
				92DF7B991D12FA560001C6BF /* Debug */,
				92DF7B9A1D12FA560001C6BF /* Release */,
			);
			defaultConfigurationIsVisible = 0;
			defaultConfigurationName = Release;
		};
		92DF7B9B1D12FA560001C6BF /* Build configuration list for PBXNativeTarget "NavigationDemo" */ = {
			isa = XCConfigurationList;
			buildConfigurations = (
				92DF7B9C1D12FA560001C6BF /* Debug */,
				92DF7B9D1D12FA560001C6BF /* Release */,
			);
			defaultConfigurationIsVisible = 0;
			defaultConfigurationName = Release;
		};
/* End XCConfigurationList section */
	};
	rootObject = 92DF7B811D12FA560001C6BF /* Project object */;
}
