// !$*UTF8*$!
{
	archiveVersion = 1;
	classes = {
	};
	objectVersion = 46;
	objects = {

/* Begin PBXBuildFile section */
		92BAEBF11D169B7D0005B769 /* FeedController.swift in Sources */ = {isa = PBXBuildFile; fileRef = 92BAEBF01D169B7D0005B769 /* FeedController.swift */; };
		92BAEBF51D16CD720005B769 /* Transaction.swift in Sources */ = {isa = PBXBuildFile; fileRef = 92BAEBF41D16CD720005B769 /* Transaction.swift */; };
		92BAEBF71D16CF250005B769 /* TransactionsFactory.swift in Sources */ = {isa = PBXBuildFile; fileRef = 92BAEBF61D16CF250005B769 /* TransactionsFactory.swift */; };
		92BAEBF91D16D3A50005B769 /* WelcomeScreenTransaction.swift in Sources */ = {isa = PBXBuildFile; fileRef = 92BAEBF81D16D3A50005B769 /* WelcomeScreenTransaction.swift */; };
		92BAEBFB1D16D51B0005B769 /* MainTabBarScreenTransaction.swift in Sources */ = {isa = PBXBuildFile; fileRef = 92BAEBFA1D16D51B0005B769 /* MainTabBarScreenTransaction.swift */; };
		92BAEBFD1D16DBC40005B769 /* LoginScreenTransaction.swift in Sources */ = {isa = PBXBuildFile; fileRef = 92BAEBFC1D16DBC40005B769 /* LoginScreenTransaction.swift */; };
		92BAEBFF1D16DF650005B769 /* SignUpScreenTransaction.swift in Sources */ = {isa = PBXBuildFile; fileRef = 92BAEBFE1D16DF650005B769 /* SignUpScreenTransaction.swift */; };
		92BAEC011D1748600005B769 /* ProfileScreenTransaction.swift in Sources */ = {isa = PBXBuildFile; fileRef = 92BAEC001D1748600005B769 /* ProfileScreenTransaction.swift */; };
		92BAEC031D1748F20005B769 /* FeedScreenTransaction.swift in Sources */ = {isa = PBXBuildFile; fileRef = 92BAEC021D1748F20005B769 /* FeedScreenTransaction.swift */; };
		92DF7B8D1D12FA560001C6BF /* AppDelegate.swift in Sources */ = {isa = PBXBuildFile; fileRef = 92DF7B8C1D12FA560001C6BF /* AppDelegate.swift */; };
		92DF7BA91D13E61B0001C6BF /* Assets.xcassets in Resources */ = {isa = PBXBuildFile; fileRef = 92DF7BA21D13E61B0001C6BF /* Assets.xcassets */; };
		92DF7BB41D13E7C20001C6BF /* WelcomeController.swift in Sources */ = {isa = PBXBuildFile; fileRef = 92DF7BB31D13E7C20001C6BF /* WelcomeController.swift */; };
		92DF7BBA1D13E8250001C6BF /* LaunchScreen.storyboard in Resources */ = {isa = PBXBuildFile; fileRef = 92DF7BB61D13E8250001C6BF /* LaunchScreen.storyboard */; };
		92DF7BBB1D13E8250001C6BF /* Main.storyboard in Resources */ = {isa = PBXBuildFile; fileRef = 92DF7BB81D13E8250001C6BF /* Main.storyboard */; };
		92DF7BBD1D13E88B0001C6BF /* Welcome.storyboard in Resources */ = {isa = PBXBuildFile; fileRef = 92DF7BBC1D13E88B0001C6BF /* Welcome.storyboard */; };
		92DF7BC81D13ECE30001C6BF /* UserSession.swift in Sources */ = {isa = PBXBuildFile; fileRef = 92DF7BC71D13ECE30001C6BF /* UserSession.swift */; };
		92DF7BCD1D13F1D30001C6BF /* User.swift in Sources */ = {isa = PBXBuildFile; fileRef = 92DF7BCC1D13F1D30001C6BF /* User.swift */; };
		92DF7BD11D13F7540001C6BF /* StateCoder.swift in Sources */ = {isa = PBXBuildFile; fileRef = 92DF7BD01D13F7540001C6BF /* StateCoder.swift */; };
		92DF7BD51D13FDFB0001C6BF /* UserSessionPathBuilder.swift in Sources */ = {isa = PBXBuildFile; fileRef = 92DF7BD41D13FDFB0001C6BF /* UserSessionPathBuilder.swift */; };
		92DF7BDB1D14354D0001C6BF /* LoginController.swift in Sources */ = {isa = PBXBuildFile; fileRef = 92DF7BDA1D14354D0001C6BF /* LoginController.swift */; };
		92DF7BDD1D1435970001C6BF /* SignUpController.swift in Sources */ = {isa = PBXBuildFile; fileRef = 92DF7BDC1D1435970001C6BF /* SignUpController.swift */; };
		92DF7BDF1D1438A10001C6BF /* Login.storyboard in Resources */ = {isa = PBXBuildFile; fileRef = 92DF7BDE1D1438A10001C6BF /* Login.storyboard */; };
		92DF7BE11D1438AA0001C6BF /* SignUp.storyboard in Resources */ = {isa = PBXBuildFile; fileRef = 92DF7BE01D1438AA0001C6BF /* SignUp.storyboard */; };
		92DF7BEB1D1449760001C6BF /* MainTabBarController.swift in Sources */ = {isa = PBXBuildFile; fileRef = 92DF7BE91D1449760001C6BF /* MainTabBarController.swift */; };
		92DF7BF01D15B6190001C6BF /* ProfileController.swift in Sources */ = {isa = PBXBuildFile; fileRef = 92DF7BEF1D15B6190001C6BF /* ProfileController.swift */; };
		92DF7BF21D15B62D0001C6BF /* LogoutCell.swift in Sources */ = {isa = PBXBuildFile; fileRef = 92DF7BF11D15B62D0001C6BF /* LogoutCell.swift */; };
/* End PBXBuildFile section */

/* Begin PBXFileReference section */
		92BAEBF01D169B7D0005B769 /* FeedController.swift */ = {isa = PBXFileReference; fileEncoding = 4; lastKnownFileType = sourcecode.swift; path = FeedController.swift; sourceTree = "<group>"; };
		92BAEBF41D16CD720005B769 /* Transaction.swift */ = {isa = PBXFileReference; fileEncoding = 4; lastKnownFileType = sourcecode.swift; path = Transaction.swift; sourceTree = "<group>"; };
		92BAEBF61D16CF250005B769 /* TransactionsFactory.swift */ = {isa = PBXFileReference; fileEncoding = 4; lastKnownFileType = sourcecode.swift; path = TransactionsFactory.swift; sourceTree = "<group>"; };
		92BAEBF81D16D3A50005B769 /* WelcomeScreenTransaction.swift */ = {isa = PBXFileReference; fileEncoding = 4; lastKnownFileType = sourcecode.swift; path = WelcomeScreenTransaction.swift; sourceTree = "<group>"; };
		92BAEBFA1D16D51B0005B769 /* MainTabBarScreenTransaction.swift */ = {isa = PBXFileReference; fileEncoding = 4; lastKnownFileType = sourcecode.swift; path = MainTabBarScreenTransaction.swift; sourceTree = "<group>"; };
		92BAEBFC1D16DBC40005B769 /* LoginScreenTransaction.swift */ = {isa = PBXFileReference; fileEncoding = 4; lastKnownFileType = sourcecode.swift; path = LoginScreenTransaction.swift; sourceTree = "<group>"; };
		92BAEBFE1D16DF650005B769 /* SignUpScreenTransaction.swift */ = {isa = PBXFileReference; fileEncoding = 4; lastKnownFileType = sourcecode.swift; path = SignUpScreenTransaction.swift; sourceTree = "<group>"; };
		92BAEC001D1748600005B769 /* ProfileScreenTransaction.swift */ = {isa = PBXFileReference; fileEncoding = 4; lastKnownFileType = sourcecode.swift; name = ProfileScreenTransaction.swift; path = ../FeedModule/ProfileScreenTransaction.swift; sourceTree = "<group>"; };
		92BAEC021D1748F20005B769 /* FeedScreenTransaction.swift */ = {isa = PBXFileReference; fileEncoding = 4; lastKnownFileType = sourcecode.swift; path = FeedScreenTransaction.swift; sourceTree = "<group>"; };
		92DF7B891D12FA560001C6BF /* RouterNavigationDemo.app */ = {isa = PBXFileReference; explicitFileType = wrapper.application; includeInIndex = 0; path = RouterNavigationDemo.app; sourceTree = BUILT_PRODUCTS_DIR; };
		92DF7B8C1D12FA560001C6BF /* AppDelegate.swift */ = {isa = PBXFileReference; lastKnownFileType = sourcecode.swift; path = AppDelegate.swift; sourceTree = "<group>"; };
		92DF7BA21D13E61B0001C6BF /* Assets.xcassets */ = {isa = PBXFileReference; lastKnownFileType = folder.assetcatalog; path = Assets.xcassets; sourceTree = "<group>"; };
		92DF7BA71D13E61B0001C6BF /* Info.plist */ = {isa = PBXFileReference; fileEncoding = 4; lastKnownFileType = text.plist.xml; path = Info.plist; sourceTree = "<group>"; };
		92DF7BB31D13E7C20001C6BF /* WelcomeController.swift */ = {isa = PBXFileReference; fileEncoding = 4; lastKnownFileType = sourcecode.swift; path = WelcomeController.swift; sourceTree = "<group>"; };
		92DF7BB71D13E8250001C6BF /* Base */ = {isa = PBXFileReference; lastKnownFileType = file.storyboard; name = Base; path = Base.lproj/LaunchScreen.storyboard; sourceTree = "<group>"; };
		92DF7BB91D13E8250001C6BF /* Base */ = {isa = PBXFileReference; lastKnownFileType = file.storyboard; name = Base; path = Base.lproj/Main.storyboard; sourceTree = "<group>"; };
		92DF7BBC1D13E88B0001C6BF /* Welcome.storyboard */ = {isa = PBXFileReference; fileEncoding = 4; lastKnownFileType = file.storyboard; path = Welcome.storyboard; sourceTree = "<group>"; };
		92DF7BC71D13ECE30001C6BF /* UserSession.swift */ = {isa = PBXFileReference; fileEncoding = 4; lastKnownFileType = sourcecode.swift; path = UserSession.swift; sourceTree = "<group>"; };
		92DF7BCC1D13F1D30001C6BF /* User.swift */ = {isa = PBXFileReference; fileEncoding = 4; lastKnownFileType = sourcecode.swift; path = User.swift; sourceTree = "<group>"; };
		92DF7BD01D13F7540001C6BF /* StateCoder.swift */ = {isa = PBXFileReference; fileEncoding = 4; lastKnownFileType = sourcecode.swift; path = StateCoder.swift; sourceTree = "<group>"; };
		92DF7BD41D13FDFB0001C6BF /* UserSessionPathBuilder.swift */ = {isa = PBXFileReference; fileEncoding = 4; lastKnownFileType = sourcecode.swift; path = UserSessionPathBuilder.swift; sourceTree = "<group>"; };
		92DF7BDA1D14354D0001C6BF /* LoginController.swift */ = {isa = PBXFileReference; fileEncoding = 4; lastKnownFileType = sourcecode.swift; path = LoginController.swift; sourceTree = "<group>"; };
		92DF7BDC1D1435970001C6BF /* SignUpController.swift */ = {isa = PBXFileReference; fileEncoding = 4; lastKnownFileType = sourcecode.swift; path = SignUpController.swift; sourceTree = "<group>"; };
		92DF7BDE1D1438A10001C6BF /* Login.storyboard */ = {isa = PBXFileReference; fileEncoding = 4; lastKnownFileType = file.storyboard; path = Login.storyboard; sourceTree = "<group>"; };
		92DF7BE01D1438AA0001C6BF /* SignUp.storyboard */ = {isa = PBXFileReference; fileEncoding = 4; lastKnownFileType = file.storyboard; path = SignUp.storyboard; sourceTree = "<group>"; };
		92DF7BE91D1449760001C6BF /* MainTabBarController.swift */ = {isa = PBXFileReference; fileEncoding = 4; lastKnownFileType = sourcecode.swift; path = MainTabBarController.swift; sourceTree = "<group>"; };
		92DF7BEF1D15B6190001C6BF /* ProfileController.swift */ = {isa = PBXFileReference; fileEncoding = 4; lastKnownFileType = sourcecode.swift; path = ProfileController.swift; sourceTree = "<group>"; };
		92DF7BF11D15B62D0001C6BF /* LogoutCell.swift */ = {isa = PBXFileReference; fileEncoding = 4; lastKnownFileType = sourcecode.swift; path = LogoutCell.swift; sourceTree = "<group>"; };
/* End PBXFileReference section */

/* Begin PBXFrameworksBuildPhase section */
		92DF7B861D12FA560001C6BF /* Frameworks */ = {
			isa = PBXFrameworksBuildPhase;
			buildActionMask = 2147483647;
			files = (
			);
			runOnlyForDeploymentPostprocessing = 0;
		};
/* End PBXFrameworksBuildPhase section */

/* Begin PBXGroup section */
		92DF7B801D12FA560001C6BF = {
			isa = PBXGroup;
			children = (
				92DF7B8B1D12FA560001C6BF /* RouterNavigationDemo */,
				92DF7B8A1D12FA560001C6BF /* Products */,
			);
			sourceTree = "<group>";
		};
		92DF7B8A1D12FA560001C6BF /* Products */ = {
			isa = PBXGroup;
			children = (
				92DF7B891D12FA560001C6BF /* RouterNavigationDemo.app */,
			);
			name = Products;
			sourceTree = "<group>";
		};
		92DF7B8B1D12FA560001C6BF /* RouterNavigationDemo */ = {
			isa = PBXGroup;
			children = (
				92DF7B8C1D12FA560001C6BF /* AppDelegate.swift */,
				92DF7BC61D13ECDA0001C6BF /* Core */,
				92DF7B9E1D13E61B0001C6BF /* Common */,
				92DF7BA01D13E61B0001C6BF /* Flows */,
				92DF7BA11D13E61B0001C6BF /* Resources */,
			);
			path = RouterNavigationDemo;
			sourceTree = "<group>";
		};
		92DF7B9E1D13E61B0001C6BF /* Common */ = {
			isa = PBXGroup;
			children = (
				92BAEBF41D16CD720005B769 /* Transaction.swift */,
				92BAEBF61D16CF250005B769 /* TransactionsFactory.swift */,
			);
			path = Common;
			sourceTree = "<group>";
		};
		92DF7BA01D13E61B0001C6BF /* Flows */ = {
			isa = PBXGroup;
			children = (
				92DF7BAF1D13E7C20001C6BF /* Login */,
				92DF7BB01D13E7C20001C6BF /* Main */,
				92DF7BB11D13E7C20001C6BF /* SignUp */,
				92DF7BB21D13E7C20001C6BF /* Welcome */,
			);
			path = Flows;
			sourceTree = "<group>";
		};
		92DF7BA11D13E61B0001C6BF /* Resources */ = {
			isa = PBXGroup;
			children = (
				92DF7BB51D13E8250001C6BF /* Storyboards */,
				92DF7BA21D13E61B0001C6BF /* Assets.xcassets */,
				92DF7BA71D13E61B0001C6BF /* Info.plist */,
			);
			path = Resources;
			sourceTree = "<group>";
		};
		92DF7BAF1D13E7C20001C6BF /* Login */ = {
			isa = PBXGroup;
			children = (
				92DF7BDA1D14354D0001C6BF /* LoginController.swift */,
				92BAEBFC1D16DBC40005B769 /* LoginScreenTransaction.swift */,
			);
			path = Login;
			sourceTree = "<group>";
		};
		92DF7BB01D13E7C20001C6BF /* Main */ = {
			isa = PBXGroup;
			children = (
				92DF7BE61D1449760001C6BF /* FeedModule */,
				92DF7BE71D1449760001C6BF /* ProfileModule */,
				92DF7BE81D1449760001C6BF /* TabBarModule */,
			);
			path = Main;
			sourceTree = "<group>";
		};
		92DF7BB11D13E7C20001C6BF /* SignUp */ = {
			isa = PBXGroup;
			children = (
				92DF7BDC1D1435970001C6BF /* SignUpController.swift */,
				92BAEBFE1D16DF650005B769 /* SignUpScreenTransaction.swift */,
			);
			path = SignUp;
			sourceTree = "<group>";
		};
		92DF7BB21D13E7C20001C6BF /* Welcome */ = {
			isa = PBXGroup;
			children = (
				92DF7BB31D13E7C20001C6BF /* WelcomeController.swift */,
				92BAEBF81D16D3A50005B769 /* WelcomeScreenTransaction.swift */,
			);
			path = Welcome;
			sourceTree = "<group>";
		};
		92DF7BB51D13E8250001C6BF /* Storyboards */ = {
			isa = PBXGroup;
			children = (
				92DF7BB61D13E8250001C6BF /* LaunchScreen.storyboard */,
				92DF7BDE1D1438A10001C6BF /* Login.storyboard */,
				92DF7BE01D1438AA0001C6BF /* SignUp.storyboard */,
				92DF7BBC1D13E88B0001C6BF /* Welcome.storyboard */,
				92DF7BB81D13E8250001C6BF /* Main.storyboard */,
			);
			path = Storyboards;
			sourceTree = "<group>";
		};
		92DF7BC61D13ECDA0001C6BF /* Core */ = {
			isa = PBXGroup;
			children = (
				92DF7BD01D13F7540001C6BF /* StateCoder.swift */,
				92DF7BCB1D13F1CC0001C6BF /* Models */,
				92DF7BC71D13ECE30001C6BF /* UserSession.swift */,
				92DF7BD41D13FDFB0001C6BF /* UserSessionPathBuilder.swift */,
			);
			path = Core;
			sourceTree = "<group>";
		};
		92DF7BCB1D13F1CC0001C6BF /* Models */ = {
			isa = PBXGroup;
			children = (
				92DF7BCC1D13F1D30001C6BF /* User.swift */,
			);
			path = Models;
			sourceTree = "<group>";
		};
		92DF7BE61D1449760001C6BF /* FeedModule */ = {
			isa = PBXGroup;
			children = (
				92BAEBF01D169B7D0005B769 /* FeedController.swift */,
				92BAEC021D1748F20005B769 /* FeedScreenTransaction.swift */,
			);
			path = FeedModule;
			sourceTree = "<group>";
		};
		92DF7BE71D1449760001C6BF /* ProfileModule */ = {
			isa = PBXGroup;
			children = (
				92DF7BEF1D15B6190001C6BF /* ProfileController.swift */,
				92BAEC001D1748600005B769 /* ProfileScreenTransaction.swift */,
				92DF7BF11D15B62D0001C6BF /* LogoutCell.swift */,
			);
			path = ProfileModule;
			sourceTree = "<group>";
		};
		92DF7BE81D1449760001C6BF /* TabBarModule */ = {
			isa = PBXGroup;
			children = (
				92DF7BE91D1449760001C6BF /* MainTabBarController.swift */,
				92BAEBFA1D16D51B0005B769 /* MainTabBarScreenTransaction.swift */,
			);
			path = TabBarModule;
			sourceTree = "<group>";
		};
/* End PBXGroup section */

/* Begin PBXNativeTarget section */
		92DF7B881D12FA560001C6BF /* RouterNavigationDemo */ = {
			isa = PBXNativeTarget;
			buildConfigurationList = 92DF7B9B1D12FA560001C6BF /* Build configuration list for PBXNativeTarget "RouterNavigationDemo" */;
			buildPhases = (
				92DF7B851D12FA560001C6BF /* Sources */,
				92DF7B861D12FA560001C6BF /* Frameworks */,
				92DF7B871D12FA560001C6BF /* Resources */,
			);
			buildRules = (
			);
			dependencies = (
			);
			name = RouterNavigationDemo;
			productName = RouterNavigationDemo;
			productReference = 92DF7B891D12FA560001C6BF /* RouterNavigationDemo.app */;
			productType = "com.apple.product-type.application";
		};
/* End PBXNativeTarget section */

/* Begin PBXProject section */
		92DF7B811D12FA560001C6BF /* Project object */ = {
			isa = PBXProject;
			attributes = {
				LastSwiftUpdateCheck = 0730;
				LastUpgradeCheck = 0730;
				ORGANIZATIONNAME = Yalantis;
				TargetAttributes = {
					92DF7B881D12FA560001C6BF = {
						CreatedOnToolsVersion = 7.3.1;
					};
				};
			};
			buildConfigurationList = 92DF7B841D12FA560001C6BF /* Build configuration list for PBXProject "RouterNavigationDemo" */;
			compatibilityVersion = "Xcode 3.2";
			developmentRegion = English;
			hasScannedForEncodings = 0;
			knownRegions = (
				en,
				Base,
			);
			mainGroup = 92DF7B801D12FA560001C6BF;
			productRefGroup = 92DF7B8A1D12FA560001C6BF /* Products */;
			projectDirPath = "";
			projectRoot = "";
			targets = (
				92DF7B881D12FA560001C6BF /* RouterNavigationDemo */,
			);
		};
/* End PBXProject section */

/* Begin PBXResourcesBuildPhase section */
		92DF7B871D12FA560001C6BF /* Resources */ = {
			isa = PBXResourcesBuildPhase;
			buildActionMask = 2147483647;
			files = (
				92DF7BBD1D13E88B0001C6BF /* Welcome.storyboard in Resources */,
				92DF7BBA1D13E8250001C6BF /* LaunchScreen.storyboard in Resources */,
				92DF7BE11D1438AA0001C6BF /* SignUp.storyboard in Resources */,
				92DF7BA91D13E61B0001C6BF /* Assets.xcassets in Resources */,
				92DF7BDF1D1438A10001C6BF /* Login.storyboard in Resources */,
				92DF7BBB1D13E8250001C6BF /* Main.storyboard in Resources */,
			);
			runOnlyForDeploymentPostprocessing = 0;
		};
/* End PBXResourcesBuildPhase section */

/* Begin PBXSourcesBuildPhase section */
		92DF7B851D12FA560001C6BF /* Sources */ = {
			isa = PBXSourcesBuildPhase;
			buildActionMask = 2147483647;
			files = (
				92BAEC031D1748F20005B769 /* FeedScreenTransaction.swift in Sources */,
				92DF7BDD1D1435970001C6BF /* SignUpController.swift in Sources */,
				92DF7BB41D13E7C20001C6BF /* WelcomeController.swift in Sources */,
				92BAEBFF1D16DF650005B769 /* SignUpScreenTransaction.swift in Sources */,
				92DF7BDB1D14354D0001C6BF /* LoginController.swift in Sources */,
				92BAEBF71D16CF250005B769 /* TransactionsFactory.swift in Sources */,
				92BAEBFD1D16DBC40005B769 /* LoginScreenTransaction.swift in Sources */,
				92DF7BD11D13F7540001C6BF /* StateCoder.swift in Sources */,
				92DF7BD51D13FDFB0001C6BF /* UserSessionPathBuilder.swift in Sources */,
				92BAEBF51D16CD720005B769 /* Transaction.swift in Sources */,
				92DF7BF01D15B6190001C6BF /* ProfileController.swift in Sources */,
				92DF7B8D1D12FA560001C6BF /* AppDelegate.swift in Sources */,
				92BAEBFB1D16D51B0005B769 /* MainTabBarScreenTransaction.swift in Sources */,
				92BAEBF11D169B7D0005B769 /* FeedController.swift in Sources */,
				92DF7BEB1D1449760001C6BF /* MainTabBarController.swift in Sources */,
				92DF7BC81D13ECE30001C6BF /* UserSession.swift in Sources */,
				92BAEBF91D16D3A50005B769 /* WelcomeScreenTransaction.swift in Sources */,
				92BAEC011D1748600005B769 /* ProfileScreenTransaction.swift in Sources */,
				92DF7BF21D15B62D0001C6BF /* LogoutCell.swift in Sources */,
				92DF7BCD1D13F1D30001C6BF /* User.swift in Sources */,
			);
			runOnlyForDeploymentPostprocessing = 0;
		};
/* End PBXSourcesBuildPhase section */

/* Begin PBXVariantGroup section */
		92DF7BB61D13E8250001C6BF /* LaunchScreen.storyboard */ = {
			isa = PBXVariantGroup;
			children = (
				92DF7BB71D13E8250001C6BF /* Base */,
			);
			name = LaunchScreen.storyboard;
			sourceTree = "<group>";
		};
		92DF7BB81D13E8250001C6BF /* Main.storyboard */ = {
			isa = PBXVariantGroup;
			children = (
				92DF7BB91D13E8250001C6BF /* Base */,
			);
			name = Main.storyboard;
			sourceTree = "<group>";
		};
/* End PBXVariantGroup section */

/* Begin XCBuildConfiguration section */
		92DF7B991D12FA560001C6BF /* Debug */ = {
			isa = XCBuildConfiguration;
			buildSettings = {
				ALWAYS_SEARCH_USER_PATHS = NO;
				CLANG_ANALYZER_NONNULL = YES;
				CLANG_CXX_LANGUAGE_STANDARD = "gnu++0x";
				CLANG_CXX_LIBRARY = "libc++";
				CLANG_ENABLE_MODULES = YES;
				CLANG_ENABLE_OBJC_ARC = YES;
				CLANG_WARN_BOOL_CONVERSION = YES;
				CLANG_WARN_CONSTANT_CONVERSION = YES;
				CLANG_WARN_DIRECT_OBJC_ISA_USAGE = YES_ERROR;
				CLANG_WARN_EMPTY_BODY = YES;
				CLANG_WARN_ENUM_CONVERSION = YES;
				CLANG_WARN_INT_CONVERSION = YES;
				CLANG_WARN_OBJC_ROOT_CLASS = YES_ERROR;
				CLANG_WARN_UNREACHABLE_CODE = YES;
				CLANG_WARN__DUPLICATE_METHOD_MATCH = YES;
				"CODE_SIGN_IDENTITY[sdk=iphoneos*]" = "iPhone Developer";
				COPY_PHASE_STRIP = NO;
				DEBUG_INFORMATION_FORMAT = dwarf;
				ENABLE_STRICT_OBJC_MSGSEND = YES;
				ENABLE_TESTABILITY = YES;
				GCC_C_LANGUAGE_STANDARD = gnu99;
				GCC_DYNAMIC_NO_PIC = NO;
				GCC_NO_COMMON_BLOCKS = YES;
				GCC_OPTIMIZATION_LEVEL = 0;
				GCC_PREPROCESSOR_DEFINITIONS = (
					"DEBUG=1",
					"$(inherited)",
				);
				GCC_WARN_64_TO_32_BIT_CONVERSION = YES;
				GCC_WARN_ABOUT_RETURN_TYPE = YES_ERROR;
				GCC_WARN_UNDECLARED_SELECTOR = YES;
				GCC_WARN_UNINITIALIZED_AUTOS = YES_AGGRESSIVE;
				GCC_WARN_UNUSED_FUNCTION = YES;
				GCC_WARN_UNUSED_VARIABLE = YES;
				IPHONEOS_DEPLOYMENT_TARGET = 9.3;
				MTL_ENABLE_DEBUG_INFO = YES;
				ONLY_ACTIVE_ARCH = YES;
				SDKROOT = iphoneos;
				SWIFT_OPTIMIZATION_LEVEL = "-Onone";
			};
			name = Debug;
		};
		92DF7B9A1D12FA560001C6BF /* Release */ = {
			isa = XCBuildConfiguration;
			buildSettings = {
				ALWAYS_SEARCH_USER_PATHS = NO;
				CLANG_ANALYZER_NONNULL = YES;
				CLANG_CXX_LANGUAGE_STANDARD = "gnu++0x";
				CLANG_CXX_LIBRARY = "libc++";
				CLANG_ENABLE_MODULES = YES;
				CLANG_ENABLE_OBJC_ARC = YES;
				CLANG_WARN_BOOL_CONVERSION = YES;
				CLANG_WARN_CONSTANT_CONVERSION = YES;
				CLANG_WARN_DIRECT_OBJC_ISA_USAGE = YES_ERROR;
				CLANG_WARN_EMPTY_BODY = YES;
				CLANG_WARN_ENUM_CONVERSION = YES;
				CLANG_WARN_INT_CONVERSION = YES;
				CLANG_WARN_OBJC_ROOT_CLASS = YES_ERROR;
				CLANG_WARN_UNREACHABLE_CODE = YES;
				CLANG_WARN__DUPLICATE_METHOD_MATCH = YES;
				"CODE_SIGN_IDENTITY[sdk=iphoneos*]" = "iPhone Developer";
				COPY_PHASE_STRIP = NO;
				DEBUG_INFORMATION_FORMAT = "dwarf-with-dsym";
				ENABLE_NS_ASSERTIONS = NO;
				ENABLE_STRICT_OBJC_MSGSEND = YES;
				GCC_C_LANGUAGE_STANDARD = gnu99;
				GCC_NO_COMMON_BLOCKS = YES;
				GCC_WARN_64_TO_32_BIT_CONVERSION = YES;
				GCC_WARN_ABOUT_RETURN_TYPE = YES_ERROR;
				GCC_WARN_UNDECLARED_SELECTOR = YES;
				GCC_WARN_UNINITIALIZED_AUTOS = YES_AGGRESSIVE;
				GCC_WARN_UNUSED_FUNCTION = YES;
				GCC_WARN_UNUSED_VARIABLE = YES;
				IPHONEOS_DEPLOYMENT_TARGET = 9.3;
				MTL_ENABLE_DEBUG_INFO = NO;
				SDKROOT = iphoneos;
				VALIDATE_PRODUCT = YES;
			};
			name = Release;
		};
		92DF7B9C1D12FA560001C6BF /* Debug */ = {
			isa = XCBuildConfiguration;
			buildSettings = {
				ASSETCATALOG_COMPILER_APPICON_NAME = AppIcon;
				INFOPLIST_FILE = "$(SRCROOT)/RouterNavigationDemo/Resources/Info.plist";
				LD_RUNPATH_SEARCH_PATHS = "$(inherited) @executable_path/Frameworks";
				PRODUCT_BUNDLE_IDENTIFIER = yalantis.com.RouterNavigationDemo;
				PRODUCT_NAME = "$(TARGET_NAME)";
			};
			name = Debug;
		};
		92DF7B9D1D12FA560001C6BF /* Release */ = {
			isa = XCBuildConfiguration;
			buildSettings = {
				ASSETCATALOG_COMPILER_APPICON_NAME = AppIcon;
				INFOPLIST_FILE = "$(SRCROOT)/RouterNavigationDemo/Resources/Info.plist";
				LD_RUNPATH_SEARCH_PATHS = "$(inherited) @executable_path/Frameworks";
				PRODUCT_BUNDLE_IDENTIFIER = yalantis.com.RouterNavigationDemo;
				PRODUCT_NAME = "$(TARGET_NAME)";
			};
			name = Release;
		};
/* End XCBuildConfiguration section */

/* Begin XCConfigurationList section */
		92DF7B841D12FA560001C6BF /* Build configuration list for PBXProject "RouterNavigationDemo" */ = {
			isa = XCConfigurationList;
			buildConfigurations = (
				92DF7B991D12FA560001C6BF /* Debug */,
				92DF7B9A1D12FA560001C6BF /* Release */,
			);
			defaultConfigurationIsVisible = 0;
			defaultConfigurationName = Release;
		};
		92DF7B9B1D12FA560001C6BF /* Build configuration list for PBXNativeTarget "RouterNavigationDemo" */ = {
			isa = XCConfigurationList;
			buildConfigurations = (
				92DF7B9C1D12FA560001C6BF /* Debug */,
				92DF7B9D1D12FA560001C6BF /* Release */,
			);
			defaultConfigurationIsVisible = 0;
			defaultConfigurationName = Release;
		};
/* End XCConfigurationList section */
	};
	rootObject = 92DF7B811D12FA560001C6BF /* Project object */;
}
